
Microsoft Visual Studio Solution File, Format Version 12.00
# Visual Studio Version 17
VisualStudioVersion = 17.13.35913.81 d17.13
MinimumVisualStudioVersion = 10.0.40219.1
Project("{FAE04EC0-301F-11D3-BF4B-00C04F79EFBC}") = "argoritimo6", "argoritimo6\argoritimo6.csproj", "{83555481-C3D6-4202-B842-F77F1C2FAE3E}"
EndProject
Global
	GlobalSection(SolutionConfigurationPlatforms) = preSolution
		Debug|Any CPU = Debug|Any CPU
		Release|Any CPU = Release|Any CPU
	EndGlobalSection
	GlobalSection(ProjectConfigurationPlatforms) = postSolution
		{83555481-C3D6-4202-B842-F77F1C2FAE3E}.Debug|Any CPU.ActiveCfg = Debug|Any CPU
		{83555481-C3D6-4202-B842-F77F1C2FAE3E}.Debug|Any CPU.Build.0 = Debug|Any CPU
		{83555481-C3D6-4202-B842-F77F1C2FAE3E}.Release|Any CPU.ActiveCfg = Release|Any CPU
		{83555481-C3D6-4202-B842-F77F1C2FAE3E}.Release|Any CPU.Build.0 = Release|Any CPU
	EndGlobalSection
	GlobalSection(SolutionProperties) = preSolution
		HideSolutionNode = FALSE
	EndGlobalSection
	GlobalSection(ExtensibilityGlobals) = postSolution
		SolutionGuid = {612ABB19-5358-4DAE-9A8A-5B82F1FF982E}
	EndGlobalSection
EndGlobal
